
Microsoft Visual Studio Solution File, Format Version 12.00
# Visual Studio 2012
Project("{FAE04EC0-301F-11D3-BF4B-00C04F79EFBC}") = "EnergyEquipmentProject", "EnergyEquipmentProject\EnergyEquipmentProject.csproj", "{E6F0B4FB-3E48-4A8C-A37E-383A2FAACFC1}"
	ProjectSection(ProjectDependencies) = postProject
		{6C5F2133-D535-4CA4-865F-C641810A4820} = {6C5F2133-D535-4CA4-865F-C641810A4820}
		{2C410869-C0F3-49A4-85E6-68B6E7072707} = {2C410869-C0F3-49A4-85E6-68B6E7072707}
		{7DFA3086-1243-4993-B8AD-80D98A2DEE23} = {7DFA3086-1243-4993-B8AD-80D98A2DEE23}
	EndProjectSection
EndProject
Project("{FAE04EC0-301F-11D3-BF4B-00C04F79EFBC}") = "SQLProvider", "SQLProvider\SQLProvider.csproj", "{2C410869-C0F3-49A4-85E6-68B6E7072707}"
	ProjectSection(ProjectDependencies) = postProject
		{7DFA3086-1243-4993-B8AD-80D98A2DEE23} = {7DFA3086-1243-4993-B8AD-80D98A2DEE23}
	EndProjectSection
EndProject
Project("{FAE04EC0-301F-11D3-BF4B-00C04F79EFBC}") = "EntityClassLibrary", "EntityClassLibrary\EntityClassLibrary.csproj", "{6C5F2133-D535-4CA4-865F-C641810A4820}"
EndProject
Project("{FAE04EC0-301F-11D3-BF4B-00C04F79EFBC}") = "CommonMethod", "CommonMethod\CommonMethod.csproj", "{7DFA3086-1243-4993-B8AD-80D98A2DEE23}"
EndProject
Project("{FAE04EC0-301F-11D3-BF4B-00C04F79EFBC}") = "CommonControl", "CommonControl\CommonControl.csproj", "{668BF412-E4C3-4F29-9FBE-F69332C290B2}"
EndProject
Project("{FAE04EC0-301F-11D3-BF4B-00C04F79EFBC}") = "CaiGouXiTong", "CaiGouXiTong\CaiGouXiTong.csproj", "{75D8D027-D1CA-47A0-A19A-55C5D11F0EE6}"
EndProject
Project("{FAE04EC0-301F-11D3-BF4B-00C04F79EFBC}") = "CustomManageWindow", "CustomManageWindow\CustomManageWindow.csproj", "{72D31B54-757D-47D2-919A-A4AED71C8D99}"
EndProject
Project("{FAE04EC0-301F-11D3-BF4B-00C04F79EFBC}") = "HeTongGuanLi", "HeTongGuanli\HeTongGuanLi.csproj", "{463DC3DB-E96D-4D86-B720-C36364FC7B11}"
EndProject
Project("{FAE04EC0-301F-11D3-BF4B-00C04F79EFBC}") = "WinHtmlEditor", "WinHtmlEditor\WinHtmlEditor.csproj", "{1D1EF0A4-1D49-4D42-9295-E3B28359389A}"
EndProject
Project("{FAE04EC0-301F-11D3-BF4B-00C04F79EFBC}") = "GongYiGuanLi", "GongYiGuanLi\GongYiGuanLi.csproj", "{E3BA85E8-4E08-462E-9A8D-819DB6BD88C2}"
EndProject
Project("{FAE04EC0-301F-11D3-BF4B-00C04F79EFBC}") = "WorkProcedure", "WorkProcedure\WorkProcedure.csproj", "{B9BEEE4A-4933-4942-9983-A23CD8E276B9}"
EndProject
Project("{FAE04EC0-301F-11D3-BF4B-00C04F79EFBC}") = "KuGuanXiTong", "KuGuanXiTong\KuGuanXiTong.csproj", "{00965431-12C8-4892-90DD-495E22462FE7}"
EndProject
Project("{FAE04EC0-301F-11D3-BF4B-00C04F79EFBC}") = "CheRuKu", "CheRuKu\CheRuKu.csproj", "{A01F8085-35B0-4D3A-84D7-F55B972EFFB2}"
EndProject
Project("{FAE04EC0-301F-11D3-BF4B-00C04F79EFBC}") = "JianJian", "JianJian\JianJian.csproj", "{DE616B5E-9A72-49F6-A2D1-8725D618D612}"
EndProject
Project("{FAE04EC0-301F-11D3-BF4B-00C04F79EFBC}") = "WeiXiu", "WeiXiu\WeiXiu.csproj", "{080C6FF3-8282-4248-844D-2571D84D02D3}"
EndProject
Project("{FAE04EC0-301F-11D3-BF4B-00C04F79EFBC}") = "TiaoShi", "TiaoShi\TiaoShi.csproj", "{1504311D-232F-43BF-911C-5A5D81FF237F}"
EndProject
Project("{FAE04EC0-301F-11D3-BF4B-00C04F79EFBC}") = "CheChuKu", "CheChuKu\CheChuKu.csproj", "{473543B2-3ADE-40A5-A3C6-F612ECA8CA0B}"
EndProject
Project("{FAE04EC0-301F-11D3-BF4B-00C04F79EFBC}") = "CommonWindow", "CommonWindow\CommonWindow.csproj", "{B5A3A9CE-CAA4-42B9-9C4C-D08FA4635283}"
EndProject
Project("{FAE04EC0-301F-11D3-BF4B-00C04F79EFBC}") = "SystemManageWindow", "SystemManageWindow\SystemManageWindow.csproj", "{49FBCA5D-08FC-4087-847E-4DD6A9EF27EF}"
EndProject
Project("{FAE04EC0-301F-11D3-BF4B-00C04F79EFBC}") = "SecuritTool", "SecuritTool\SecuritTool.csproj", "{FC57DA21-CEC9-483A-B108-5F89F3722A7E}"
EndProject
Project("{FAE04EC0-301F-11D3-BF4B-00C04F79EFBC}") = "XinXiGuanLi", "XinXiGuanLi\XinXiGuanLi.csproj", "{3DD4C7D4-08FD-4F1A-977A-60318CB08FF2}"
EndProject
Project("{FAE04EC0-301F-11D3-BF4B-00C04F79EFBC}") = "OnLineUpdate", "OnLineUpdate\OnLineUpdate.csproj", "{11550214-D871-4919-8AA2-E32605A0B9D2}"
EndProject
Project("{FAE04EC0-301F-11D3-BF4B-00C04F79EFBC}") = "StatisticalReport", "StatisticalReport\StatisticalReport.csproj", "{49BF7C47-0C3C-4E49-87BE-920202E37448}"
EndProject
Project("{FAE04EC0-301F-11D3-BF4B-00C04F79EFBC}") = "DLLFullPrint", "DLLFullPrint\DLLFullPrint.csproj", "{96CE72C5-C3DD-412D-AC03-80DA5F9363DD}"
EndProject
Global
	GlobalSection(SolutionConfigurationPlatforms) = preSolution
		Debug_VS2010|Any CPU = Debug_VS2010|Any CPU
		Debug_VS2010|Mixed Platforms = Debug_VS2010|Mixed Platforms
		Debug_VS2010|x86 = Debug_VS2010|x86
		Debug|Any CPU = Debug|Any CPU
		Debug|Mixed Platforms = Debug|Mixed Platforms
		Debug|x86 = Debug|x86
		Release_VS2010|Any CPU = Release_VS2010|Any CPU
		Release_VS2010|Mixed Platforms = Release_VS2010|Mixed Platforms
		Release_VS2010|x86 = Release_VS2010|x86
		Release|Any CPU = Release|Any CPU
		Release|Mixed Platforms = Release|Mixed Platforms
		Release|x86 = Release|x86
	EndGlobalSection
	GlobalSection(ProjectConfigurationPlatforms) = postSolution
		{E6F0B4FB-3E48-4A8C-A37E-383A2FAACFC1}.Debug_VS2010|Any CPU.ActiveCfg = Debug|x86
		{E6F0B4FB-3E48-4A8C-A37E-383A2FAACFC1}.Debug_VS2010|Mixed Platforms.ActiveCfg = Debug|x86
		{E6F0B4FB-3E48-4A8C-A37E-383A2FAACFC1}.Debug_VS2010|Mixed Platforms.Build.0 = Debug|x86
		{E6F0B4FB-3E48-4A8C-A37E-383A2FAACFC1}.Debug_VS2010|x86.ActiveCfg = Debug|x86
		{E6F0B4FB-3E48-4A8C-A37E-383A2FAACFC1}.Debug_VS2010|x86.Build.0 = Debug|x86
		{E6F0B4FB-3E48-4A8C-A37E-383A2FAACFC1}.Debug|Any CPU.ActiveCfg = Debug|x86
		{E6F0B4FB-3E48-4A8C-A37E-383A2FAACFC1}.Debug|Mixed Platforms.ActiveCfg = Debug|x86
		{E6F0B4FB-3E48-4A8C-A37E-383A2FAACFC1}.Debug|Mixed Platforms.Build.0 = Debug|x86
		{E6F0B4FB-3E48-4A8C-A37E-383A2FAACFC1}.Debug|x86.ActiveCfg = Debug|x86
		{E6F0B4FB-3E48-4A8C-A37E-383A2FAACFC1}.Debug|x86.Build.0 = Debug|x86
		{E6F0B4FB-3E48-4A8C-A37E-383A2FAACFC1}.Release_VS2010|Any CPU.ActiveCfg = Release|x86
		{E6F0B4FB-3E48-4A8C-A37E-383A2FAACFC1}.Release_VS2010|Mixed Platforms.ActiveCfg = Release|x86
		{E6F0B4FB-3E48-4A8C-A37E-383A2FAACFC1}.Release_VS2010|Mixed Platforms.Build.0 = Release|x86
		{E6F0B4FB-3E48-4A8C-A37E-383A2FAACFC1}.Release_VS2010|x86.ActiveCfg = Release|x86
		{E6F0B4FB-3E48-4A8C-A37E-383A2FAACFC1}.Release_VS2010|x86.Build.0 = Release|x86
		{E6F0B4FB-3E48-4A8C-A37E-383A2FAACFC1}.Release|Any CPU.ActiveCfg = Release|x86
		{E6F0B4FB-3E48-4A8C-A37E-383A2FAACFC1}.Release|Mixed Platforms.ActiveCfg = Release|x86
		{E6F0B4FB-3E48-4A8C-A37E-383A2FAACFC1}.Release|Mixed Platforms.Build.0 = Release|x86
		{E6F0B4FB-3E48-4A8C-A37E-383A2FAACFC1}.Release|x86.ActiveCfg = Release|x86
		{E6F0B4FB-3E48-4A8C-A37E-383A2FAACFC1}.Release|x86.Build.0 = Release|x86
		{2C410869-C0F3-49A4-85E6-68B6E7072707}.Debug_VS2010|Any CPU.ActiveCfg = Debug|Any CPU
		{2C410869-C0F3-49A4-85E6-68B6E7072707}.Debug_VS2010|Any CPU.Build.0 = Debug|Any CPU
		{2C410869-C0F3-49A4-85E6-68B6E7072707}.Debug_VS2010|Mixed Platforms.ActiveCfg = Debug|Any CPU
		{2C410869-C0F3-49A4-85E6-68B6E7072707}.Debug_VS2010|Mixed Platforms.Build.0 = Debug|Any CPU
		{2C410869-C0F3-49A4-85E6-68B6E7072707}.Debug_VS2010|x86.ActiveCfg = Debug|Any CPU
		{2C410869-C0F3-49A4-85E6-68B6E7072707}.Debug|Any CPU.ActiveCfg = Debug|Any CPU
		{2C410869-C0F3-49A4-85E6-68B6E7072707}.Debug|Any CPU.Build.0 = Debug|Any CPU
		{2C410869-C0F3-49A4-85E6-68B6E7072707}.Debug|Mixed Platforms.ActiveCfg = Debug|Any CPU
		{2C410869-C0F3-49A4-85E6-68B6E7072707}.Debug|Mixed Platforms.Build.0 = Debug|Any CPU
		{2C410869-C0F3-49A4-85E6-68B6E7072707}.Debug|x86.ActiveCfg = Debug|Any CPU
		{2C410869-C0F3-49A4-85E6-68B6E7072707}.Release_VS2010|Any CPU.ActiveCfg = Release|Any CPU
		{2C410869-C0F3-49A4-85E6-68B6E7072707}.Release_VS2010|Any CPU.Build.0 = Release|Any CPU
		{2C410869-C0F3-49A4-85E6-68B6E7072707}.Release_VS2010|Mixed Platforms.ActiveCfg = Release|Any CPU
		{2C410869-C0F3-49A4-85E6-68B6E7072707}.Release_VS2010|Mixed Platforms.Build.0 = Release|Any CPU
		{2C410869-C0F3-49A4-85E6-68B6E7072707}.Release_VS2010|x86.ActiveCfg = Release|Any CPU
		{2C410869-C0F3-49A4-85E6-68B6E7072707}.Release|Any CPU.ActiveCfg = Release|Any CPU
		{2C410869-C0F3-49A4-85E6-68B6E7072707}.Release|Any CPU.Build.0 = Release|Any CPU
		{2C410869-C0F3-49A4-85E6-68B6E7072707}.Release|Mixed Platforms.ActiveCfg = Release|Any CPU
		{2C410869-C0F3-49A4-85E6-68B6E7072707}.Release|Mixed Platforms.Build.0 = Release|Any CPU
		{2C410869-C0F3-49A4-85E6-68B6E7072707}.Release|x86.ActiveCfg = Release|Any CPU
		{6C5F2133-D535-4CA4-865F-C641810A4820}.Debug_VS2010|Any CPU.ActiveCfg = Debug|Any CPU
		{6C5F2133-D535-4CA4-865F-C641810A4820}.Debug_VS2010|Any CPU.Build.0 = Debug|Any CPU
		{6C5F2133-D535-4CA4-865F-C641810A4820}.Debug_VS2010|Mixed Platforms.ActiveCfg = Debug|Any CPU
		{6C5F2133-D535-4CA4-865F-C641810A4820}.Debug_VS2010|Mixed Platforms.Build.0 = Debug|Any CPU
		{6C5F2133-D535-4CA4-865F-C641810A4820}.Debug_VS2010|x86.ActiveCfg = Debug|Any CPU
		{6C5F2133-D535-4CA4-865F-C641810A4820}.Debug|Any CPU.ActiveCfg = Debug|Any CPU
		{6C5F2133-D535-4CA4-865F-C641810A4820}.Debug|Any CPU.Build.0 = Debug|Any CPU
		{6C5F2133-D535-4CA4-865F-C641810A4820}.Debug|Mixed Platforms.ActiveCfg = Debug|Any CPU
		{6C5F2133-D535-4CA4-865F-C641810A4820}.Debug|Mixed Platforms.Build.0 = Debug|Any CPU
		{6C5F2133-D535-4CA4-865F-C641810A4820}.Debug|x86.ActiveCfg = Debug|Any CPU
		{6C5F2133-D535-4CA4-865F-C641810A4820}.Release_VS2010|Any CPU.ActiveCfg = Release|Any CPU
		{6C5F2133-D535-4CA4-865F-C641810A4820}.Release_VS2010|Any CPU.Build.0 = Release|Any CPU
		{6C5F2133-D535-4CA4-865F-C641810A4820}.Release_VS2010|Mixed Platforms.ActiveCfg = Release|Any CPU
		{6C5F2133-D535-4CA4-865F-C641810A4820}.Release_VS2010|Mixed Platforms.Build.0 = Release|Any CPU
		{6C5F2133-D535-4CA4-865F-C641810A4820}.Release_VS2010|x86.ActiveCfg = Release|Any CPU
		{6C5F2133-D535-4CA4-865F-C641810A4820}.Release|Any CPU.ActiveCfg = Release|Any CPU
		{6C5F2133-D535-4CA4-865F-C641810A4820}.Release|Any CPU.Build.0 = Release|Any CPU
		{6C5F2133-D535-4CA4-865F-C641810A4820}.Release|Mixed Platforms.ActiveCfg = Release|Any CPU
		{6C5F2133-D535-4CA4-865F-C641810A4820}.Release|Mixed Platforms.Build.0 = Release|Any CPU
		{6C5F2133-D535-4CA4-865F-C641810A4820}.Release|x86.ActiveCfg = Release|Any CPU
		{7DFA3086-1243-4993-B8AD-80D98A2DEE23}.Debug_VS2010|Any CPU.ActiveCfg = Debug|Any CPU
		{7DFA3086-1243-4993-B8AD-80D98A2DEE23}.Debug_VS2010|Any CPU.Build.0 = Debug|Any CPU
		{7DFA3086-1243-4993-B8AD-80D98A2DEE23}.Debug_VS2010|Mixed Platforms.ActiveCfg = Debug|Any CPU
		{7DFA3086-1243-4993-B8AD-80D98A2DEE23}.Debug_VS2010|Mixed Platforms.Build.0 = Debug|Any CPU
		{7DFA3086-1243-4993-B8AD-80D98A2DEE23}.Debug_VS2010|x86.ActiveCfg = Debug|Any CPU
		{7DFA3086-1243-4993-B8AD-80D98A2DEE23}.Debug|Any CPU.ActiveCfg = Debug|Any CPU
		{7DFA3086-1243-4993-B8AD-80D98A2DEE23}.Debug|Any CPU.Build.0 = Debug|Any CPU
		{7DFA3086-1243-4993-B8AD-80D98A2DEE23}.Debug|Mixed Platforms.ActiveCfg = Debug|Any CPU
		{7DFA3086-1243-4993-B8AD-80D98A2DEE23}.Debug|Mixed Platforms.Build.0 = Debug|Any CPU
		{7DFA3086-1243-4993-B8AD-80D98A2DEE23}.Debug|x86.ActiveCfg = Debug|Any CPU
		{7DFA3086-1243-4993-B8AD-80D98A2DEE23}.Release_VS2010|Any CPU.ActiveCfg = Release|Any CPU
		{7DFA3086-1243-4993-B8AD-80D98A2DEE23}.Release_VS2010|Any CPU.Build.0 = Release|Any CPU
		{7DFA3086-1243-4993-B8AD-80D98A2DEE23}.Release_VS2010|Mixed Platforms.ActiveCfg = Release|Any CPU
		{7DFA3086-1243-4993-B8AD-80D98A2DEE23}.Release_VS2010|Mixed Platforms.Build.0 = Release|Any CPU
		{7DFA3086-1243-4993-B8AD-80D98A2DEE23}.Release_VS2010|x86.ActiveCfg = Release|Any CPU
		{7DFA3086-1243-4993-B8AD-80D98A2DEE23}.Release|Any CPU.ActiveCfg = Release|Any CPU
		{7DFA3086-1243-4993-B8AD-80D98A2DEE23}.Release|Any CPU.Build.0 = Release|Any CPU
		{7DFA3086-1243-4993-B8AD-80D98A2DEE23}.Release|Mixed Platforms.ActiveCfg = Release|Any CPU
		{7DFA3086-1243-4993-B8AD-80D98A2DEE23}.Release|Mixed Platforms.Build.0 = Release|Any CPU
		{7DFA3086-1243-4993-B8AD-80D98A2DEE23}.Release|x86.ActiveCfg = Release|Any CPU
		{668BF412-E4C3-4F29-9FBE-F69332C290B2}.Debug_VS2010|Any CPU.ActiveCfg = Debug|Any CPU
		{668BF412-E4C3-4F29-9FBE-F69332C290B2}.Debug_VS2010|Any CPU.Build.0 = Debug|Any CPU
		{668BF412-E4C3-4F29-9FBE-F69332C290B2}.Debug_VS2010|Mixed Platforms.ActiveCfg = Debug|Any CPU
		{668BF412-E4C3-4F29-9FBE-F69332C290B2}.Debug_VS2010|Mixed Platforms.Build.0 = Debug|Any CPU
		{668BF412-E4C3-4F29-9FBE-F69332C290B2}.Debug_VS2010|x86.ActiveCfg = Debug|Any CPU
		{668BF412-E4C3-4F29-9FBE-F69332C290B2}.Debug|Any CPU.ActiveCfg = Debug|Any CPU
		{668BF412-E4C3-4F29-9FBE-F69332C290B2}.Debug|Any CPU.Build.0 = Debug|Any CPU
		{668BF412-E4C3-4F29-9FBE-F69332C290B2}.Debug|Mixed Platforms.ActiveCfg = Debug|Any CPU
		{668BF412-E4C3-4F29-9FBE-F69332C290B2}.Debug|Mixed Platforms.Build.0 = Debug|Any CPU
		{668BF412-E4C3-4F29-9FBE-F69332C290B2}.Debug|x86.ActiveCfg = Debug|Any CPU
		{668BF412-E4C3-4F29-9FBE-F69332C290B2}.Release_VS2010|Any CPU.ActiveCfg = Release|Any CPU
		{668BF412-E4C3-4F29-9FBE-F69332C290B2}.Release_VS2010|Any CPU.Build.0 = Release|Any CPU
		{668BF412-E4C3-4F29-9FBE-F69332C290B2}.Release_VS2010|Mixed Platforms.ActiveCfg = Release|Any CPU
		{668BF412-E4C3-4F29-9FBE-F69332C290B2}.Release_VS2010|Mixed Platforms.Build.0 = Release|Any CPU
		{668BF412-E4C3-4F29-9FBE-F69332C290B2}.Release_VS2010|x86.ActiveCfg = Release|Any CPU
		{668BF412-E4C3-4F29-9FBE-F69332C290B2}.Release|Any CPU.ActiveCfg = Release|Any CPU
		{668BF412-E4C3-4F29-9FBE-F69332C290B2}.Release|Any CPU.Build.0 = Release|Any CPU
		{668BF412-E4C3-4F29-9FBE-F69332C290B2}.Release|Mixed Platforms.ActiveCfg = Release|Any CPU
		{668BF412-E4C3-4F29-9FBE-F69332C290B2}.Release|Mixed Platforms.Build.0 = Release|Any CPU
		{668BF412-E4C3-4F29-9FBE-F69332C290B2}.Release|x86.ActiveCfg = Release|Any CPU
		{75D8D027-D1CA-47A0-A19A-55C5D11F0EE6}.Debug_VS2010|Any CPU.ActiveCfg = Debug|Any CPU
		{75D8D027-D1CA-47A0-A19A-55C5D11F0EE6}.Debug_VS2010|Any CPU.Build.0 = Debug|Any CPU
		{75D8D027-D1CA-47A0-A19A-55C5D11F0EE6}.Debug_VS2010|Mixed Platforms.ActiveCfg = Debug|Any CPU
		{75D8D027-D1CA-47A0-A19A-55C5D11F0EE6}.Debug_VS2010|Mixed Platforms.Build.0 = Debug|Any CPU
		{75D8D027-D1CA-47A0-A19A-55C5D11F0EE6}.Debug_VS2010|x86.ActiveCfg = Debug|Any CPU
		{75D8D027-D1CA-47A0-A19A-55C5D11F0EE6}.Debug|Any CPU.ActiveCfg = Debug|Any CPU
		{75D8D027-D1CA-47A0-A19A-55C5D11F0EE6}.Debug|Any CPU.Build.0 = Debug|Any CPU
		{75D8D027-D1CA-47A0-A19A-55C5D11F0EE6}.Debug|Mixed Platforms.ActiveCfg = Debug|Any CPU
		{75D8D027-D1CA-47A0-A19A-55C5D11F0EE6}.Debug|Mixed Platforms.Build.0 = Debug|Any CPU
		{75D8D027-D1CA-47A0-A19A-55C5D11F0EE6}.Debug|x86.ActiveCfg = Debug|Any CPU
		{75D8D027-D1CA-47A0-A19A-55C5D11F0EE6}.Release_VS2010|Any CPU.ActiveCfg = Release|Any CPU
		{75D8D027-D1CA-47A0-A19A-55C5D11F0EE6}.Release_VS2010|Any CPU.Build.0 = Release|Any CPU
		{75D8D027-D1CA-47A0-A19A-55C5D11F0EE6}.Release_VS2010|Mixed Platforms.ActiveCfg = Release|Any CPU
		{75D8D027-D1CA-47A0-A19A-55C5D11F0EE6}.Release_VS2010|Mixed Platforms.Build.0 = Release|Any CPU
		{75D8D027-D1CA-47A0-A19A-55C5D11F0EE6}.Release_VS2010|x86.ActiveCfg = Release|Any CPU
		{75D8D027-D1CA-47A0-A19A-55C5D11F0EE6}.Release|Any CPU.ActiveCfg = Release|Any CPU
		{75D8D027-D1CA-47A0-A19A-55C5D11F0EE6}.Release|Any CPU.Build.0 = Release|Any CPU
		{75D8D027-D1CA-47A0-A19A-55C5D11F0EE6}.Release|Mixed Platforms.ActiveCfg = Release|Any CPU
		{75D8D027-D1CA-47A0-A19A-55C5D11F0EE6}.Release|Mixed Platforms.Build.0 = Release|Any CPU
		{75D8D027-D1CA-47A0-A19A-55C5D11F0EE6}.Release|x86.ActiveCfg = Release|Any CPU
		{72D31B54-757D-47D2-919A-A4AED71C8D99}.Debug_VS2010|Any CPU.ActiveCfg = Debug|Any CPU
		{72D31B54-757D-47D2-919A-A4AED71C8D99}.Debug_VS2010|Any CPU.Build.0 = Debug|Any CPU
		{72D31B54-757D-47D2-919A-A4AED71C8D99}.Debug_VS2010|Mixed Platforms.ActiveCfg = Debug|Any CPU
		{72D31B54-757D-47D2-919A-A4AED71C8D99}.Debug_VS2010|Mixed Platforms.Build.0 = Debug|Any CPU
		{72D31B54-757D-47D2-919A-A4AED71C8D99}.Debug_VS2010|x86.ActiveCfg = Debug|Any CPU
		{72D31B54-757D-47D2-919A-A4AED71C8D99}.Debug|Any CPU.ActiveCfg = Debug|Any CPU
		{72D31B54-757D-47D2-919A-A4AED71C8D99}.Debug|Any CPU.Build.0 = Debug|Any CPU
		{72D31B54-757D-47D2-919A-A4AED71C8D99}.Debug|Mixed Platforms.ActiveCfg = Debug|Any CPU
		{72D31B54-757D-47D2-919A-A4AED71C8D99}.Debug|Mixed Platforms.Build.0 = Debug|Any CPU
		{72D31B54-757D-47D2-919A-A4AED71C8D99}.Debug|x86.ActiveCfg = Debug|Any CPU
		{72D31B54-757D-47D2-919A-A4AED71C8D99}.Release_VS2010|Any CPU.ActiveCfg = Release|Any CPU
		{72D31B54-757D-47D2-919A-A4AED71C8D99}.Release_VS2010|Any CPU.Build.0 = Release|Any CPU
		{72D31B54-757D-47D2-919A-A4AED71C8D99}.Release_VS2010|Mixed Platforms.ActiveCfg = Release|Any CPU
		{72D31B54-757D-47D2-919A-A4AED71C8D99}.Release_VS2010|Mixed Platforms.Build.0 = Release|Any CPU
		{72D31B54-757D-47D2-919A-A4AED71C8D99}.Release_VS2010|x86.ActiveCfg = Release|Any CPU
		{72D31B54-757D-47D2-919A-A4AED71C8D99}.Release|Any CPU.ActiveCfg = Release|Any CPU
		{72D31B54-757D-47D2-919A-A4AED71C8D99}.Release|Any CPU.Build.0 = Release|Any CPU
		{72D31B54-757D-47D2-919A-A4AED71C8D99}.Release|Mixed Platforms.ActiveCfg = Release|Any CPU
		{72D31B54-757D-47D2-919A-A4AED71C8D99}.Release|Mixed Platforms.Build.0 = Release|Any CPU
		{72D31B54-757D-47D2-919A-A4AED71C8D99}.Release|x86.ActiveCfg = Release|Any CPU
		{463DC3DB-E96D-4D86-B720-C36364FC7B11}.Debug_VS2010|Any CPU.ActiveCfg = Debug|Any CPU
		{463DC3DB-E96D-4D86-B720-C36364FC7B11}.Debug_VS2010|Any CPU.Build.0 = Debug|Any CPU
		{463DC3DB-E96D-4D86-B720-C36364FC7B11}.Debug_VS2010|Mixed Platforms.ActiveCfg = Debug|Any CPU
		{463DC3DB-E96D-4D86-B720-C36364FC7B11}.Debug_VS2010|Mixed Platforms.Build.0 = Debug|Any CPU
		{463DC3DB-E96D-4D86-B720-C36364FC7B11}.Debug_VS2010|x86.ActiveCfg = Debug|Any CPU
		{463DC3DB-E96D-4D86-B720-C36364FC7B11}.Debug|Any CPU.ActiveCfg = Debug|Any CPU
		{463DC3DB-E96D-4D86-B720-C36364FC7B11}.Debug|Any CPU.Build.0 = Debug|Any CPU
		{463DC3DB-E96D-4D86-B720-C36364FC7B11}.Debug|Mixed Platforms.ActiveCfg = Debug|Any CPU
		{463DC3DB-E96D-4D86-B720-C36364FC7B11}.Debug|Mixed Platforms.Build.0 = Debug|Any CPU
		{463DC3DB-E96D-4D86-B720-C36364FC7B11}.Debug|x86.ActiveCfg = Debug|Any CPU
		{463DC3DB-E96D-4D86-B720-C36364FC7B11}.Release_VS2010|Any CPU.ActiveCfg = Release|Any CPU
		{463DC3DB-E96D-4D86-B720-C36364FC7B11}.Release_VS2010|Any CPU.Build.0 = Release|Any CPU
		{463DC3DB-E96D-4D86-B720-C36364FC7B11}.Release_VS2010|Mixed Platforms.ActiveCfg = Release|Any CPU
		{463DC3DB-E96D-4D86-B720-C36364FC7B11}.Release_VS2010|Mixed Platforms.Build.0 = Release|Any CPU
		{463DC3DB-E96D-4D86-B720-C36364FC7B11}.Release_VS2010|x86.ActiveCfg = Release|Any CPU
		{463DC3DB-E96D-4D86-B720-C36364FC7B11}.Release|Any CPU.ActiveCfg = Release|Any CPU
		{463DC3DB-E96D-4D86-B720-C36364FC7B11}.Release|Any CPU.Build.0 = Release|Any CPU
		{463DC3DB-E96D-4D86-B720-C36364FC7B11}.Release|Mixed Platforms.ActiveCfg = Release|Any CPU
		{463DC3DB-E96D-4D86-B720-C36364FC7B11}.Release|Mixed Platforms.Build.0 = Release|Any CPU
		{463DC3DB-E96D-4D86-B720-C36364FC7B11}.Release|x86.ActiveCfg = Release|Any CPU
		{1D1EF0A4-1D49-4D42-9295-E3B28359389A}.Debug_VS2010|Any CPU.ActiveCfg = Debug_VS2010|Any CPU
		{1D1EF0A4-1D49-4D42-9295-E3B28359389A}.Debug_VS2010|Any CPU.Build.0 = Debug_VS2010|Any CPU
		{1D1EF0A4-1D49-4D42-9295-E3B28359389A}.Debug_VS2010|Mixed Platforms.ActiveCfg = Debug_VS2010|Any CPU
		{1D1EF0A4-1D49-4D42-9295-E3B28359389A}.Debug_VS2010|Mixed Platforms.Build.0 = Debug_VS2010|Any CPU
		{1D1EF0A4-1D49-4D42-9295-E3B28359389A}.Debug_VS2010|x86.ActiveCfg = Debug_VS2010|Any CPU
		{1D1EF0A4-1D49-4D42-9295-E3B28359389A}.Debug|Any CPU.ActiveCfg = Debug|Any CPU
		{1D1EF0A4-1D49-4D42-9295-E3B28359389A}.Debug|Any CPU.Build.0 = Debug|Any CPU
		{1D1EF0A4-1D49-4D42-9295-E3B28359389A}.Debug|Mixed Platforms.ActiveCfg = Debug|Any CPU
		{1D1EF0A4-1D49-4D42-9295-E3B28359389A}.Debug|Mixed Platforms.Build.0 = Debug|Any CPU
		{1D1EF0A4-1D49-4D42-9295-E3B28359389A}.Debug|x86.ActiveCfg = Debug|Any CPU
		{1D1EF0A4-1D49-4D42-9295-E3B28359389A}.Release_VS2010|Any CPU.ActiveCfg = Release_VS2010|Any CPU
		{1D1EF0A4-1D49-4D42-9295-E3B28359389A}.Release_VS2010|Any CPU.Build.0 = Release_VS2010|Any CPU
		{1D1EF0A4-1D49-4D42-9295-E3B28359389A}.Release_VS2010|Mixed Platforms.ActiveCfg = Release_VS2010|Any CPU
		{1D1EF0A4-1D49-4D42-9295-E3B28359389A}.Release_VS2010|Mixed Platforms.Build.0 = Release_VS2010|Any CPU
		{1D1EF0A4-1D49-4D42-9295-E3B28359389A}.Release_VS2010|x86.ActiveCfg = Release_VS2010|Any CPU
		{1D1EF0A4-1D49-4D42-9295-E3B28359389A}.Release|Any CPU.ActiveCfg = Release|Any CPU
		{1D1EF0A4-1D49-4D42-9295-E3B28359389A}.Release|Any CPU.Build.0 = Release|Any CPU
		{1D1EF0A4-1D49-4D42-9295-E3B28359389A}.Release|Mixed Platforms.ActiveCfg = Release|Any CPU
		{1D1EF0A4-1D49-4D42-9295-E3B28359389A}.Release|Mixed Platforms.Build.0 = Release|Any CPU
		{1D1EF0A4-1D49-4D42-9295-E3B28359389A}.Release|x86.ActiveCfg = Release|Any CPU
		{E3BA85E8-4E08-462E-9A8D-819DB6BD88C2}.Debug_VS2010|Any CPU.ActiveCfg = Debug|Any CPU
		{E3BA85E8-4E08-462E-9A8D-819DB6BD88C2}.Debug_VS2010|Any CPU.Build.0 = Debug|Any CPU
		{E3BA85E8-4E08-462E-9A8D-819DB6BD88C2}.Debug_VS2010|Mixed Platforms.ActiveCfg = Debug|Any CPU
		{E3BA85E8-4E08-462E-9A8D-819DB6BD88C2}.Debug_VS2010|Mixed Platforms.Build.0 = Debug|Any CPU
		{E3BA85E8-4E08-462E-9A8D-819DB6BD88C2}.Debug_VS2010|x86.ActiveCfg = Debug|Any CPU
		{E3BA85E8-4E08-462E-9A8D-819DB6BD88C2}.Debug|Any CPU.ActiveCfg = Debug|Any CPU
		{E3BA85E8-4E08-462E-9A8D-819DB6BD88C2}.Debug|Any CPU.Build.0 = Debug|Any CPU
		{E3BA85E8-4E08-462E-9A8D-819DB6BD88C2}.Debug|Mixed Platforms.ActiveCfg = Debug|Any CPU
		{E3BA85E8-4E08-462E-9A8D-819DB6BD88C2}.Debug|Mixed Platforms.Build.0 = Debug|Any CPU
		{E3BA85E8-4E08-462E-9A8D-819DB6BD88C2}.Debug|x86.ActiveCfg = Debug|Any CPU
		{E3BA85E8-4E08-462E-9A8D-819DB6BD88C2}.Release_VS2010|Any CPU.ActiveCfg = Release|Any CPU
		{E3BA85E8-4E08-462E-9A8D-819DB6BD88C2}.Release_VS2010|Any CPU.Build.0 = Release|Any CPU
		{E3BA85E8-4E08-462E-9A8D-819DB6BD88C2}.Release_VS2010|Mixed Platforms.ActiveCfg = Release|Any CPU
		{E3BA85E8-4E08-462E-9A8D-819DB6BD88C2}.Release_VS2010|Mixed Platforms.Build.0 = Release|Any CPU
		{E3BA85E8-4E08-462E-9A8D-819DB6BD88C2}.Release_VS2010|x86.ActiveCfg = Release|Any CPU
		{E3BA85E8-4E08-462E-9A8D-819DB6BD88C2}.Release|Any CPU.ActiveCfg = Release|Any CPU
		{E3BA85E8-4E08-462E-9A8D-819DB6BD88C2}.Release|Any CPU.Build.0 = Release|Any CPU
		{E3BA85E8-4E08-462E-9A8D-819DB6BD88C2}.Release|Mixed Platforms.ActiveCfg = Release|Any CPU
		{E3BA85E8-4E08-462E-9A8D-819DB6BD88C2}.Release|Mixed Platforms.Build.0 = Release|Any CPU
		{E3BA85E8-4E08-462E-9A8D-819DB6BD88C2}.Release|x86.ActiveCfg = Release|Any CPU
		{B9BEEE4A-4933-4942-9983-A23CD8E276B9}.Debug_VS2010|Any CPU.ActiveCfg = Debug|Any CPU
		{B9BEEE4A-4933-4942-9983-A23CD8E276B9}.Debug_VS2010|Any CPU.Build.0 = Debug|Any CPU
		{B9BEEE4A-4933-4942-9983-A23CD8E276B9}.Debug_VS2010|Mixed Platforms.ActiveCfg = Debug|Any CPU
		{B9BEEE4A-4933-4942-9983-A23CD8E276B9}.Debug_VS2010|Mixed Platforms.Build.0 = Debug|Any CPU
		{B9BEEE4A-4933-4942-9983-A23CD8E276B9}.Debug_VS2010|x86.ActiveCfg = Debug|Any CPU
		{B9BEEE4A-4933-4942-9983-A23CD8E276B9}.Debug|Any CPU.ActiveCfg = Debug|Any CPU
		{B9BEEE4A-4933-4942-9983-A23CD8E276B9}.Debug|Any CPU.Build.0 = Debug|Any CPU
		{B9BEEE4A-4933-4942-9983-A23CD8E276B9}.Debug|Mixed Platforms.ActiveCfg = Debug|Any CPU
		{B9BEEE4A-4933-4942-9983-A23CD8E276B9}.Debug|Mixed Platforms.Build.0 = Debug|Any CPU
		{B9BEEE4A-4933-4942-9983-A23CD8E276B9}.Debug|x86.ActiveCfg = Debug|Any CPU
		{B9BEEE4A-4933-4942-9983-A23CD8E276B9}.Release_VS2010|Any CPU.ActiveCfg = Release|Any CPU
		{B9BEEE4A-4933-4942-9983-A23CD8E276B9}.Release_VS2010|Any CPU.Build.0 = Release|Any CPU
		{B9BEEE4A-4933-4942-9983-A23CD8E276B9}.Release_VS2010|Mixed Platforms.ActiveCfg = Release|Any CPU
		{B9BEEE4A-4933-4942-9983-A23CD8E276B9}.Release_VS2010|Mixed Platforms.Build.0 = Release|Any CPU
		{B9BEEE4A-4933-4942-9983-A23CD8E276B9}.Release_VS2010|x86.ActiveCfg = Release|Any CPU
		{B9BEEE4A-4933-4942-9983-A23CD8E276B9}.Release|Any CPU.ActiveCfg = Release|Any CPU
		{B9BEEE4A-4933-4942-9983-A23CD8E276B9}.Release|Any CPU.Build.0 = Release|Any CPU
		{B9BEEE4A-4933-4942-9983-A23CD8E276B9}.Release|Mixed Platforms.ActiveCfg = Release|Any CPU
		{B9BEEE4A-4933-4942-9983-A23CD8E276B9}.Release|Mixed Platforms.Build.0 = Release|Any CPU
		{B9BEEE4A-4933-4942-9983-A23CD8E276B9}.Release|x86.ActiveCfg = Release|Any CPU
		{00965431-12C8-4892-90DD-495E22462FE7}.Debug_VS2010|Any CPU.ActiveCfg = Debug|Any CPU
		{00965431-12C8-4892-90DD-495E22462FE7}.Debug_VS2010|Any CPU.Build.0 = Debug|Any CPU
		{00965431-12C8-4892-90DD-495E22462FE7}.Debug_VS2010|Mixed Platforms.ActiveCfg = Debug|Any CPU
		{00965431-12C8-4892-90DD-495E22462FE7}.Debug_VS2010|Mixed Platforms.Build.0 = Debug|Any CPU
		{00965431-12C8-4892-90DD-495E22462FE7}.Debug_VS2010|x86.ActiveCfg = Debug|Any CPU
		{00965431-12C8-4892-90DD-495E22462FE7}.Debug|Any CPU.ActiveCfg = Debug|Any CPU
		{00965431-12C8-4892-90DD-495E22462FE7}.Debug|Any CPU.Build.0 = Debug|Any CPU
		{00965431-12C8-4892-90DD-495E22462FE7}.Debug|Mixed Platforms.ActiveCfg = Debug|Any CPU
		{00965431-12C8-4892-90DD-495E22462FE7}.Debug|Mixed Platforms.Build.0 = Debug|Any CPU
		{00965431-12C8-4892-90DD-495E22462FE7}.Debug|x86.ActiveCfg = Debug|Any CPU
		{00965431-12C8-4892-90DD-495E22462FE7}.Release_VS2010|Any CPU.ActiveCfg = Release|Any CPU
		{00965431-12C8-4892-90DD-495E22462FE7}.Release_VS2010|Any CPU.Build.0 = Release|Any CPU
		{00965431-12C8-4892-90DD-495E22462FE7}.Release_VS2010|Mixed Platforms.ActiveCfg = Release|Any CPU
		{00965431-12C8-4892-90DD-495E22462FE7}.Release_VS2010|Mixed Platforms.Build.0 = Release|Any CPU
		{00965431-12C8-4892-90DD-495E22462FE7}.Release_VS2010|x86.ActiveCfg = Release|Any CPU
		{00965431-12C8-4892-90DD-495E22462FE7}.Release|Any CPU.ActiveCfg = Release|Any CPU
		{00965431-12C8-4892-90DD-495E22462FE7}.Release|Any CPU.Build.0 = Release|Any CPU
		{00965431-12C8-4892-90DD-495E22462FE7}.Release|Mixed Platforms.ActiveCfg = Release|Any CPU
		{00965431-12C8-4892-90DD-495E22462FE7}.Release|Mixed Platforms.Build.0 = Release|Any CPU
		{00965431-12C8-4892-90DD-495E22462FE7}.Release|x86.ActiveCfg = Release|Any CPU
		{A01F8085-35B0-4D3A-84D7-F55B972EFFB2}.Debug_VS2010|Any CPU.ActiveCfg = Debug|Any CPU
		{A01F8085-35B0-4D3A-84D7-F55B972EFFB2}.Debug_VS2010|Any CPU.Build.0 = Debug|Any CPU
		{A01F8085-35B0-4D3A-84D7-F55B972EFFB2}.Debug_VS2010|Mixed Platforms.ActiveCfg = Debug|Any CPU
		{A01F8085-35B0-4D3A-84D7-F55B972EFFB2}.Debug_VS2010|Mixed Platforms.Build.0 = Debug|Any CPU
		{A01F8085-35B0-4D3A-84D7-F55B972EFFB2}.Debug_VS2010|x86.ActiveCfg = Debug|Any CPU
		{A01F8085-35B0-4D3A-84D7-F55B972EFFB2}.Debug|Any CPU.ActiveCfg = Debug|Any CPU
		{A01F8085-35B0-4D3A-84D7-F55B972EFFB2}.Debug|Any CPU.Build.0 = Debug|Any CPU
		{A01F8085-35B0-4D3A-84D7-F55B972EFFB2}.Debug|Mixed Platforms.ActiveCfg = Debug|Any CPU
		{A01F8085-35B0-4D3A-84D7-F55B972EFFB2}.Debug|Mixed Platforms.Build.0 = Debug|Any CPU
		{A01F8085-35B0-4D3A-84D7-F55B972EFFB2}.Debug|x86.ActiveCfg = Debug|Any CPU
		{A01F8085-35B0-4D3A-84D7-F55B972EFFB2}.Release_VS2010|Any CPU.ActiveCfg = Release|Any CPU
		{A01F8085-35B0-4D3A-84D7-F55B972EFFB2}.Release_VS2010|Any CPU.Build.0 = Release|Any CPU
		{A01F8085-35B0-4D3A-84D7-F55B972EFFB2}.Release_VS2010|Mixed Platforms.ActiveCfg = Release|Any CPU
		{A01F8085-35B0-4D3A-84D7-F55B972EFFB2}.Release_VS2010|Mixed Platforms.Build.0 = Release|Any CPU
		{A01F8085-35B0-4D3A-84D7-F55B972EFFB2}.Release_VS2010|x86.ActiveCfg = Release|Any CPU
		{A01F8085-35B0-4D3A-84D7-F55B972EFFB2}.Release|Any CPU.ActiveCfg = Release|Any CPU
		{A01F8085-35B0-4D3A-84D7-F55B972EFFB2}.Release|Any CPU.Build.0 = Release|Any CPU
		{A01F8085-35B0-4D3A-84D7-F55B972EFFB2}.Release|Mixed Platforms.ActiveCfg = Release|Any CPU
		{A01F8085-35B0-4D3A-84D7-F55B972EFFB2}.Release|Mixed Platforms.Build.0 = Release|Any CPU
		{A01F8085-35B0-4D3A-84D7-F55B972EFFB2}.Release|x86.ActiveCfg = Release|Any CPU
		{DE616B5E-9A72-49F6-A2D1-8725D618D612}.Debug_VS2010|Any CPU.ActiveCfg = Debug|Any CPU
		{DE616B5E-9A72-49F6-A2D1-8725D618D612}.Debug_VS2010|Any CPU.Build.0 = Debug|Any CPU
		{DE616B5E-9A72-49F6-A2D1-8725D618D612}.Debug_VS2010|Mixed Platforms.ActiveCfg = Debug|Any CPU
		{DE616B5E-9A72-49F6-A2D1-8725D618D612}.Debug_VS2010|Mixed Platforms.Build.0 = Debug|Any CPU
		{DE616B5E-9A72-49F6-A2D1-8725D618D612}.Debug_VS2010|x86.ActiveCfg = Debug|Any CPU
		{DE616B5E-9A72-49F6-A2D1-8725D618D612}.Debug|Any CPU.ActiveCfg = Debug|Any CPU
		{DE616B5E-9A72-49F6-A2D1-8725D618D612}.Debug|Any CPU.Build.0 = Debug|Any CPU
		{DE616B5E-9A72-49F6-A2D1-8725D618D612}.Debug|Mixed Platforms.ActiveCfg = Debug|Any CPU
		{DE616B5E-9A72-49F6-A2D1-8725D618D612}.Debug|Mixed Platforms.Build.0 = Debug|Any CPU
		{DE616B5E-9A72-49F6-A2D1-8725D618D612}.Debug|x86.ActiveCfg = Debug|Any CPU
		{DE616B5E-9A72-49F6-A2D1-8725D618D612}.Release_VS2010|Any CPU.ActiveCfg = Release|Any CPU
		{DE616B5E-9A72-49F6-A2D1-8725D618D612}.Release_VS2010|Any CPU.Build.0 = Release|Any CPU
		{DE616B5E-9A72-49F6-A2D1-8725D618D612}.Release_VS2010|Mixed Platforms.ActiveCfg = Release|Any CPU
		{DE616B5E-9A72-49F6-A2D1-8725D618D612}.Release_VS2010|Mixed Platforms.Build.0 = Release|Any CPU
		{DE616B5E-9A72-49F6-A2D1-8725D618D612}.Release_VS2010|x86.ActiveCfg = Release|Any CPU
		{DE616B5E-9A72-49F6-A2D1-8725D618D612}.Release|Any CPU.ActiveCfg = Release|Any CPU
		{DE616B5E-9A72-49F6-A2D1-8725D618D612}.Release|Any CPU.Build.0 = Release|Any CPU
		{DE616B5E-9A72-49F6-A2D1-8725D618D612}.Release|Mixed Platforms.ActiveCfg = Release|Any CPU
		{DE616B5E-9A72-49F6-A2D1-8725D618D612}.Release|Mixed Platforms.Build.0 = Release|Any CPU
		{DE616B5E-9A72-49F6-A2D1-8725D618D612}.Release|x86.ActiveCfg = Release|Any CPU
		{080C6FF3-8282-4248-844D-2571D84D02D3}.Debug_VS2010|Any CPU.ActiveCfg = Debug|Any CPU
		{080C6FF3-8282-4248-844D-2571D84D02D3}.Debug_VS2010|Any CPU.Build.0 = Debug|Any CPU
		{080C6FF3-8282-4248-844D-2571D84D02D3}.Debug_VS2010|Mixed Platforms.ActiveCfg = Debug|Any CPU
		{080C6FF3-8282-4248-844D-2571D84D02D3}.Debug_VS2010|Mixed Platforms.Build.0 = Debug|Any CPU
		{080C6FF3-8282-4248-844D-2571D84D02D3}.Debug_VS2010|x86.ActiveCfg = Debug|Any CPU
		{080C6FF3-8282-4248-844D-2571D84D02D3}.Debug|Any CPU.ActiveCfg = Debug|Any CPU
		{080C6FF3-8282-4248-844D-2571D84D02D3}.Debug|Any CPU.Build.0 = Debug|Any CPU
		{080C6FF3-8282-4248-844D-2571D84D02D3}.Debug|Mixed Platforms.ActiveCfg = Debug|Any CPU
		{080C6FF3-8282-4248-844D-2571D84D02D3}.Debug|Mixed Platforms.Build.0 = Debug|Any CPU
		{080C6FF3-8282-4248-844D-2571D84D02D3}.Debug|x86.ActiveCfg = Debug|Any CPU
		{080C6FF3-8282-4248-844D-2571D84D02D3}.Release_VS2010|Any CPU.ActiveCfg = Release|Any CPU
		{080C6FF3-8282-4248-844D-2571D84D02D3}.Release_VS2010|Any CPU.Build.0 = Release|Any CPU
		{080C6FF3-8282-4248-844D-2571D84D02D3}.Release_VS2010|Mixed Platforms.ActiveCfg = Release|Any CPU
		{080C6FF3-8282-4248-844D-2571D84D02D3}.Release_VS2010|Mixed Platforms.Build.0 = Release|Any CPU
		{080C6FF3-8282-4248-844D-2571D84D02D3}.Release_VS2010|x86.ActiveCfg = Release|Any CPU
		{080C6FF3-8282-4248-844D-2571D84D02D3}.Release|Any CPU.ActiveCfg = Release|Any CPU
		{080C6FF3-8282-4248-844D-2571D84D02D3}.Release|Any CPU.Build.0 = Release|Any CPU
		{080C6FF3-8282-4248-844D-2571D84D02D3}.Release|Mixed Platforms.ActiveCfg = Release|Any CPU
		{080C6FF3-8282-4248-844D-2571D84D02D3}.Release|Mixed Platforms.Build.0 = Release|Any CPU
		{080C6FF3-8282-4248-844D-2571D84D02D3}.Release|x86.ActiveCfg = Release|Any CPU
		{1504311D-232F-43BF-911C-5A5D81FF237F}.Debug_VS2010|Any CPU.ActiveCfg = Debug|Any CPU
		{1504311D-232F-43BF-911C-5A5D81FF237F}.Debug_VS2010|Any CPU.Build.0 = Debug|Any CPU
		{1504311D-232F-43BF-911C-5A5D81FF237F}.Debug_VS2010|Mixed Platforms.ActiveCfg = Debug|Any CPU
		{1504311D-232F-43BF-911C-5A5D81FF237F}.Debug_VS2010|Mixed Platforms.Build.0 = Debug|Any CPU
		{1504311D-232F-43BF-911C-5A5D81FF237F}.Debug_VS2010|x86.ActiveCfg = Debug|Any CPU
		{1504311D-232F-43BF-911C-5A5D81FF237F}.Debug|Any CPU.ActiveCfg = Debug|Any CPU
		{1504311D-232F-43BF-911C-5A5D81FF237F}.Debug|Any CPU.Build.0 = Debug|Any CPU
		{1504311D-232F-43BF-911C-5A5D81FF237F}.Debug|Mixed Platforms.ActiveCfg = Debug|Any CPU
		{1504311D-232F-43BF-911C-5A5D81FF237F}.Debug|Mixed Platforms.Build.0 = Debug|Any CPU
		{1504311D-232F-43BF-911C-5A5D81FF237F}.Debug|x86.ActiveCfg = Debug|Any CPU
		{1504311D-232F-43BF-911C-5A5D81FF237F}.Release_VS2010|Any CPU.ActiveCfg = Release|Any CPU
		{1504311D-232F-43BF-911C-5A5D81FF237F}.Release_VS2010|Any CPU.Build.0 = Release|Any CPU
		{1504311D-232F-43BF-911C-5A5D81FF237F}.Release_VS2010|Mixed Platforms.ActiveCfg = Release|Any CPU
		{1504311D-232F-43BF-911C-5A5D81FF237F}.Release_VS2010|Mixed Platforms.Build.0 = Release|Any CPU
		{1504311D-232F-43BF-911C-5A5D81FF237F}.Release_VS2010|x86.ActiveCfg = Release|Any CPU
		{1504311D-232F-43BF-911C-5A5D81FF237F}.Release|Any CPU.ActiveCfg = Release|Any CPU
		{1504311D-232F-43BF-911C-5A5D81FF237F}.Release|Any CPU.Build.0 = Release|Any CPU
		{1504311D-232F-43BF-911C-5A5D81FF237F}.Release|Mixed Platforms.ActiveCfg = Release|Any CPU
		{1504311D-232F-43BF-911C-5A5D81FF237F}.Release|Mixed Platforms.Build.0 = Release|Any CPU
		{1504311D-232F-43BF-911C-5A5D81FF237F}.Release|x86.ActiveCfg = Release|Any CPU
		{473543B2-3ADE-40A5-A3C6-F612ECA8CA0B}.Debug_VS2010|Any CPU.ActiveCfg = Debug|Any CPU
		{473543B2-3ADE-40A5-A3C6-F612ECA8CA0B}.Debug_VS2010|Any CPU.Build.0 = Debug|Any CPU
		{473543B2-3ADE-40A5-A3C6-F612ECA8CA0B}.Debug_VS2010|Mixed Platforms.ActiveCfg = Debug|Any CPU
		{473543B2-3ADE-40A5-A3C6-F612ECA8CA0B}.Debug_VS2010|Mixed Platforms.Build.0 = Debug|Any CPU
		{473543B2-3ADE-40A5-A3C6-F612ECA8CA0B}.Debug_VS2010|x86.ActiveCfg = Debug|Any CPU
		{473543B2-3ADE-40A5-A3C6-F612ECA8CA0B}.Debug|Any CPU.ActiveCfg = Debug|Any CPU
		{473543B2-3ADE-40A5-A3C6-F612ECA8CA0B}.Debug|Any CPU.Build.0 = Debug|Any CPU
		{473543B2-3ADE-40A5-A3C6-F612ECA8CA0B}.Debug|Mixed Platforms.ActiveCfg = Debug|Any CPU
		{473543B2-3ADE-40A5-A3C6-F612ECA8CA0B}.Debug|Mixed Platforms.Build.0 = Debug|Any CPU
		{473543B2-3ADE-40A5-A3C6-F612ECA8CA0B}.Debug|x86.ActiveCfg = Debug|Any CPU
		{473543B2-3ADE-40A5-A3C6-F612ECA8CA0B}.Release_VS2010|Any CPU.ActiveCfg = Release|Any CPU
		{473543B2-3ADE-40A5-A3C6-F612ECA8CA0B}.Release_VS2010|Any CPU.Build.0 = Release|Any CPU
		{473543B2-3ADE-40A5-A3C6-F612ECA8CA0B}.Release_VS2010|Mixed Platforms.ActiveCfg = Release|Any CPU
		{473543B2-3ADE-40A5-A3C6-F612ECA8CA0B}.Release_VS2010|Mixed Platforms.Build.0 = Release|Any CPU
		{473543B2-3ADE-40A5-A3C6-F612ECA8CA0B}.Release_VS2010|x86.ActiveCfg = Release|Any CPU
		{473543B2-3ADE-40A5-A3C6-F612ECA8CA0B}.Release|Any CPU.ActiveCfg = Release|Any CPU
		{473543B2-3ADE-40A5-A3C6-F612ECA8CA0B}.Release|Any CPU.Build.0 = Release|Any CPU
		{473543B2-3ADE-40A5-A3C6-F612ECA8CA0B}.Release|Mixed Platforms.ActiveCfg = Release|Any CPU
		{473543B2-3ADE-40A5-A3C6-F612ECA8CA0B}.Release|Mixed Platforms.Build.0 = Release|Any CPU
		{473543B2-3ADE-40A5-A3C6-F612ECA8CA0B}.Release|x86.ActiveCfg = Release|Any CPU
		{B5A3A9CE-CAA4-42B9-9C4C-D08FA4635283}.Debug_VS2010|Any CPU.ActiveCfg = Debug|Any CPU
		{B5A3A9CE-CAA4-42B9-9C4C-D08FA4635283}.Debug_VS2010|Any CPU.Build.0 = Debug|Any CPU
		{B5A3A9CE-CAA4-42B9-9C4C-D08FA4635283}.Debug_VS2010|Mixed Platforms.ActiveCfg = Debug|Any CPU
		{B5A3A9CE-CAA4-42B9-9C4C-D08FA4635283}.Debug_VS2010|Mixed Platforms.Build.0 = Debug|Any CPU
		{B5A3A9CE-CAA4-42B9-9C4C-D08FA4635283}.Debug_VS2010|x86.ActiveCfg = Debug|Any CPU
		{B5A3A9CE-CAA4-42B9-9C4C-D08FA4635283}.Debug|Any CPU.ActiveCfg = Debug|Any CPU
		{B5A3A9CE-CAA4-42B9-9C4C-D08FA4635283}.Debug|Any CPU.Build.0 = Debug|Any CPU
		{B5A3A9CE-CAA4-42B9-9C4C-D08FA4635283}.Debug|Mixed Platforms.ActiveCfg = Debug|Any CPU
		{B5A3A9CE-CAA4-42B9-9C4C-D08FA4635283}.Debug|Mixed Platforms.Build.0 = Debug|Any CPU
		{B5A3A9CE-CAA4-42B9-9C4C-D08FA4635283}.Debug|x86.ActiveCfg = Debug|Any CPU
		{B5A3A9CE-CAA4-42B9-9C4C-D08FA4635283}.Release_VS2010|Any CPU.ActiveCfg = Release|Any CPU
		{B5A3A9CE-CAA4-42B9-9C4C-D08FA4635283}.Release_VS2010|Any CPU.Build.0 = Release|Any CPU
		{B5A3A9CE-CAA4-42B9-9C4C-D08FA4635283}.Release_VS2010|Mixed Platforms.ActiveCfg = Release|Any CPU
		{B5A3A9CE-CAA4-42B9-9C4C-D08FA4635283}.Release_VS2010|Mixed Platforms.Build.0 = Release|Any CPU
		{B5A3A9CE-CAA4-42B9-9C4C-D08FA4635283}.Release_VS2010|x86.ActiveCfg = Release|Any CPU
		{B5A3A9CE-CAA4-42B9-9C4C-D08FA4635283}.Release|Any CPU.ActiveCfg = Release|Any CPU
		{B5A3A9CE-CAA4-42B9-9C4C-D08FA4635283}.Release|Any CPU.Build.0 = Release|Any CPU
		{B5A3A9CE-CAA4-42B9-9C4C-D08FA4635283}.Release|Mixed Platforms.ActiveCfg = Release|Any CPU
		{B5A3A9CE-CAA4-42B9-9C4C-D08FA4635283}.Release|Mixed Platforms.Build.0 = Release|Any CPU
		{B5A3A9CE-CAA4-42B9-9C4C-D08FA4635283}.Release|x86.ActiveCfg = Release|Any CPU
		{49FBCA5D-08FC-4087-847E-4DD6A9EF27EF}.Debug_VS2010|Any CPU.ActiveCfg = Debug|Any CPU
		{49FBCA5D-08FC-4087-847E-4DD6A9EF27EF}.Debug_VS2010|Any CPU.Build.0 = Debug|Any CPU
		{49FBCA5D-08FC-4087-847E-4DD6A9EF27EF}.Debug_VS2010|Mixed Platforms.ActiveCfg = Debug|Any CPU
		{49FBCA5D-08FC-4087-847E-4DD6A9EF27EF}.Debug_VS2010|Mixed Platforms.Build.0 = Debug|Any CPU
		{49FBCA5D-08FC-4087-847E-4DD6A9EF27EF}.Debug_VS2010|x86.ActiveCfg = Debug|Any CPU
		{49FBCA5D-08FC-4087-847E-4DD6A9EF27EF}.Debug|Any CPU.ActiveCfg = Debug|Any CPU
		{49FBCA5D-08FC-4087-847E-4DD6A9EF27EF}.Debug|Any CPU.Build.0 = Debug|Any CPU
		{49FBCA5D-08FC-4087-847E-4DD6A9EF27EF}.Debug|Mixed Platforms.ActiveCfg = Debug|Any CPU
		{49FBCA5D-08FC-4087-847E-4DD6A9EF27EF}.Debug|Mixed Platforms.Build.0 = Debug|Any CPU
		{49FBCA5D-08FC-4087-847E-4DD6A9EF27EF}.Debug|x86.ActiveCfg = Debug|Any CPU
		{49FBCA5D-08FC-4087-847E-4DD6A9EF27EF}.Release_VS2010|Any CPU.ActiveCfg = Release|Any CPU
		{49FBCA5D-08FC-4087-847E-4DD6A9EF27EF}.Release_VS2010|Any CPU.Build.0 = Release|Any CPU
		{49FBCA5D-08FC-4087-847E-4DD6A9EF27EF}.Release_VS2010|Mixed Platforms.ActiveCfg = Release|Any CPU
		{49FBCA5D-08FC-4087-847E-4DD6A9EF27EF}.Release_VS2010|Mixed Platforms.Build.0 = Release|Any CPU
		{49FBCA5D-08FC-4087-847E-4DD6A9EF27EF}.Release_VS2010|x86.ActiveCfg = Release|Any CPU
		{49FBCA5D-08FC-4087-847E-4DD6A9EF27EF}.Release|Any CPU.ActiveCfg = Release|Any CPU
		{49FBCA5D-08FC-4087-847E-4DD6A9EF27EF}.Release|Any CPU.Build.0 = Release|Any CPU
		{49FBCA5D-08FC-4087-847E-4DD6A9EF27EF}.Release|Mixed Platforms.ActiveCfg = Release|Any CPU
		{49FBCA5D-08FC-4087-847E-4DD6A9EF27EF}.Release|Mixed Platforms.Build.0 = Release|Any CPU
		{49FBCA5D-08FC-4087-847E-4DD6A9EF27EF}.Release|x86.ActiveCfg = Release|Any CPU
		{FC57DA21-CEC9-483A-B108-5F89F3722A7E}.Debug_VS2010|Any CPU.ActiveCfg = Debug|x86
		{FC57DA21-CEC9-483A-B108-5F89F3722A7E}.Debug_VS2010|Mixed Platforms.ActiveCfg = Debug|x86
		{FC57DA21-CEC9-483A-B108-5F89F3722A7E}.Debug_VS2010|Mixed Platforms.Build.0 = Debug|x86
		{FC57DA21-CEC9-483A-B108-5F89F3722A7E}.Debug_VS2010|x86.ActiveCfg = Debug|x86
		{FC57DA21-CEC9-483A-B108-5F89F3722A7E}.Debug_VS2010|x86.Build.0 = Debug|x86
		{FC57DA21-CEC9-483A-B108-5F89F3722A7E}.Debug|Any CPU.ActiveCfg = Debug|x86
		{FC57DA21-CEC9-483A-B108-5F89F3722A7E}.Debug|Mixed Platforms.ActiveCfg = Debug|x86
		{FC57DA21-CEC9-483A-B108-5F89F3722A7E}.Debug|Mixed Platforms.Build.0 = Debug|x86
		{FC57DA21-CEC9-483A-B108-5F89F3722A7E}.Debug|x86.ActiveCfg = Debug|x86
		{FC57DA21-CEC9-483A-B108-5F89F3722A7E}.Debug|x86.Build.0 = Debug|x86
		{FC57DA21-CEC9-483A-B108-5F89F3722A7E}.Release_VS2010|Any CPU.ActiveCfg = Release|x86
		{FC57DA21-CEC9-483A-B108-5F89F3722A7E}.Release_VS2010|Mixed Platforms.ActiveCfg = Release|x86
		{FC57DA21-CEC9-483A-B108-5F89F3722A7E}.Release_VS2010|Mixed Platforms.Build.0 = Release|x86
		{FC57DA21-CEC9-483A-B108-5F89F3722A7E}.Release_VS2010|x86.ActiveCfg = Release|x86
		{FC57DA21-CEC9-483A-B108-5F89F3722A7E}.Release_VS2010|x86.Build.0 = Release|x86
		{FC57DA21-CEC9-483A-B108-5F89F3722A7E}.Release|Any CPU.ActiveCfg = Release|x86
		{FC57DA21-CEC9-483A-B108-5F89F3722A7E}.Release|Mixed Platforms.ActiveCfg = Release|x86
		{FC57DA21-CEC9-483A-B108-5F89F3722A7E}.Release|Mixed Platforms.Build.0 = Release|x86
		{FC57DA21-CEC9-483A-B108-5F89F3722A7E}.Release|x86.ActiveCfg = Release|x86
		{FC57DA21-CEC9-483A-B108-5F89F3722A7E}.Release|x86.Build.0 = Release|x86
		{3DD4C7D4-08FD-4F1A-977A-60318CB08FF2}.Debug_VS2010|Any CPU.ActiveCfg = Debug|Any CPU
		{3DD4C7D4-08FD-4F1A-977A-60318CB08FF2}.Debug_VS2010|Any CPU.Build.0 = Debug|Any CPU
		{3DD4C7D4-08FD-4F1A-977A-60318CB08FF2}.Debug_VS2010|Mixed Platforms.ActiveCfg = Debug|Any CPU
		{3DD4C7D4-08FD-4F1A-977A-60318CB08FF2}.Debug_VS2010|Mixed Platforms.Build.0 = Debug|Any CPU
		{3DD4C7D4-08FD-4F1A-977A-60318CB08FF2}.Debug_VS2010|x86.ActiveCfg = Debug|Any CPU
		{3DD4C7D4-08FD-4F1A-977A-60318CB08FF2}.Debug|Any CPU.ActiveCfg = Debug|Any CPU
		{3DD4C7D4-08FD-4F1A-977A-60318CB08FF2}.Debug|Any CPU.Build.0 = Debug|Any CPU
		{3DD4C7D4-08FD-4F1A-977A-60318CB08FF2}.Debug|Mixed Platforms.ActiveCfg = Debug|Any CPU
		{3DD4C7D4-08FD-4F1A-977A-60318CB08FF2}.Debug|Mixed Platforms.Build.0 = Debug|Any CPU
		{3DD4C7D4-08FD-4F1A-977A-60318CB08FF2}.Debug|x86.ActiveCfg = Debug|Any CPU
		{3DD4C7D4-08FD-4F1A-977A-60318CB08FF2}.Release_VS2010|Any CPU.ActiveCfg = Release|Any CPU
		{3DD4C7D4-08FD-4F1A-977A-60318CB08FF2}.Release_VS2010|Any CPU.Build.0 = Release|Any CPU
		{3DD4C7D4-08FD-4F1A-977A-60318CB08FF2}.Release_VS2010|Mixed Platforms.ActiveCfg = Release|Any CPU
		{3DD4C7D4-08FD-4F1A-977A-60318CB08FF2}.Release_VS2010|Mixed Platforms.Build.0 = Release|Any CPU
		{3DD4C7D4-08FD-4F1A-977A-60318CB08FF2}.Release_VS2010|x86.ActiveCfg = Release|Any CPU
		{3DD4C7D4-08FD-4F1A-977A-60318CB08FF2}.Release|Any CPU.ActiveCfg = Release|Any CPU
		{3DD4C7D4-08FD-4F1A-977A-60318CB08FF2}.Release|Any CPU.Build.0 = Release|Any CPU
		{3DD4C7D4-08FD-4F1A-977A-60318CB08FF2}.Release|Mixed Platforms.ActiveCfg = Release|Any CPU
		{3DD4C7D4-08FD-4F1A-977A-60318CB08FF2}.Release|Mixed Platforms.Build.0 = Release|Any CPU
		{3DD4C7D4-08FD-4F1A-977A-60318CB08FF2}.Release|x86.ActiveCfg = Release|Any CPU
		{11550214-D871-4919-8AA2-E32605A0B9D2}.Debug_VS2010|Any CPU.ActiveCfg = Debug|x86
		{11550214-D871-4919-8AA2-E32605A0B9D2}.Debug_VS2010|Mixed Platforms.ActiveCfg = Debug|x86
		{11550214-D871-4919-8AA2-E32605A0B9D2}.Debug_VS2010|Mixed Platforms.Build.0 = Debug|x86
		{11550214-D871-4919-8AA2-E32605A0B9D2}.Debug_VS2010|x86.ActiveCfg = Debug|x86
		{11550214-D871-4919-8AA2-E32605A0B9D2}.Debug_VS2010|x86.Build.0 = Debug|x86
		{11550214-D871-4919-8AA2-E32605A0B9D2}.Debug|Any CPU.ActiveCfg = Debug|x86
		{11550214-D871-4919-8AA2-E32605A0B9D2}.Debug|Mixed Platforms.ActiveCfg = Debug|x86
		{11550214-D871-4919-8AA2-E32605A0B9D2}.Debug|Mixed Platforms.Build.0 = Debug|x86
		{11550214-D871-4919-8AA2-E32605A0B9D2}.Debug|x86.ActiveCfg = Debug|x86
		{11550214-D871-4919-8AA2-E32605A0B9D2}.Debug|x86.Build.0 = Debug|x86
		{11550214-D871-4919-8AA2-E32605A0B9D2}.Release_VS2010|Any CPU.ActiveCfg = Release|x86
		{11550214-D871-4919-8AA2-E32605A0B9D2}.Release_VS2010|Mixed Platforms.ActiveCfg = Release|x86
		{11550214-D871-4919-8AA2-E32605A0B9D2}.Release_VS2010|Mixed Platforms.Build.0 = Release|x86
		{11550214-D871-4919-8AA2-E32605A0B9D2}.Release_VS2010|x86.ActiveCfg = Release|x86
		{11550214-D871-4919-8AA2-E32605A0B9D2}.Release_VS2010|x86.Build.0 = Release|x86
		{11550214-D871-4919-8AA2-E32605A0B9D2}.Release|Any CPU.ActiveCfg = Release|x86
		{11550214-D871-4919-8AA2-E32605A0B9D2}.Release|Mixed Platforms.ActiveCfg = Release|x86
		{11550214-D871-4919-8AA2-E32605A0B9D2}.Release|Mixed Platforms.Build.0 = Release|x86
		{11550214-D871-4919-8AA2-E32605A0B9D2}.Release|x86.ActiveCfg = Release|x86
		{11550214-D871-4919-8AA2-E32605A0B9D2}.Release|x86.Build.0 = Release|x86
		{49BF7C47-0C3C-4E49-87BE-920202E37448}.Debug_VS2010|Any CPU.ActiveCfg = Debug|Any CPU
		{49BF7C47-0C3C-4E49-87BE-920202E37448}.Debug_VS2010|Any CPU.Build.0 = Debug|Any CPU
		{49BF7C47-0C3C-4E49-87BE-920202E37448}.Debug_VS2010|Mixed Platforms.ActiveCfg = Debug|Any CPU
		{49BF7C47-0C3C-4E49-87BE-920202E37448}.Debug_VS2010|Mixed Platforms.Build.0 = Debug|Any CPU
		{49BF7C47-0C3C-4E49-87BE-920202E37448}.Debug_VS2010|x86.ActiveCfg = Debug|Any CPU
		{49BF7C47-0C3C-4E49-87BE-920202E37448}.Debug|Any CPU.ActiveCfg = Debug|Any CPU
		{49BF7C47-0C3C-4E49-87BE-920202E37448}.Debug|Any CPU.Build.0 = Debug|Any CPU
		{49BF7C47-0C3C-4E49-87BE-920202E37448}.Debug|Mixed Platforms.ActiveCfg = Debug|Any CPU
		{49BF7C47-0C3C-4E49-87BE-920202E37448}.Debug|Mixed Platforms.Build.0 = Debug|Any CPU
		{49BF7C47-0C3C-4E49-87BE-920202E37448}.Debug|x86.ActiveCfg = Debug|Any CPU
		{49BF7C47-0C3C-4E49-87BE-920202E37448}.Release_VS2010|Any CPU.ActiveCfg = Release|Any CPU
		{49BF7C47-0C3C-4E49-87BE-920202E37448}.Release_VS2010|Any CPU.Build.0 = Release|Any CPU
		{49BF7C47-0C3C-4E49-87BE-920202E37448}.Release_VS2010|Mixed Platforms.ActiveCfg = Release|Any CPU
		{49BF7C47-0C3C-4E49-87BE-920202E37448}.Release_VS2010|Mixed Platforms.Build.0 = Release|Any CPU
		{49BF7C47-0C3C-4E49-87BE-920202E37448}.Release_VS2010|x86.ActiveCfg = Release|Any CPU
		{49BF7C47-0C3C-4E49-87BE-920202E37448}.Release|Any CPU.ActiveCfg = Release|Any CPU
		{49BF7C47-0C3C-4E49-87BE-920202E37448}.Release|Any CPU.Build.0 = Release|Any CPU
		{49BF7C47-0C3C-4E49-87BE-920202E37448}.Release|Mixed Platforms.ActiveCfg = Release|Any CPU
		{49BF7C47-0C3C-4E49-87BE-920202E37448}.Release|Mixed Platforms.Build.0 = Release|Any CPU
		{49BF7C47-0C3C-4E49-87BE-920202E37448}.Release|x86.ActiveCfg = Release|Any CPU
		{96CE72C5-C3DD-412D-AC03-80DA5F9363DD}.Debug_VS2010|Any CPU.ActiveCfg = Debug|Any CPU
		{96CE72C5-C3DD-412D-AC03-80DA5F9363DD}.Debug_VS2010|Any CPU.Build.0 = Debug|Any CPU
		{96CE72C5-C3DD-412D-AC03-80DA5F9363DD}.Debug_VS2010|Mixed Platforms.ActiveCfg = Debug|Any CPU
		{96CE72C5-C3DD-412D-AC03-80DA5F9363DD}.Debug_VS2010|Mixed Platforms.Build.0 = Debug|Any CPU
		{96CE72C5-C3DD-412D-AC03-80DA5F9363DD}.Debug_VS2010|x86.ActiveCfg = Debug|Any CPU
		{96CE72C5-C3DD-412D-AC03-80DA5F9363DD}.Debug|Any CPU.ActiveCfg = Debug|Any CPU
		{96CE72C5-C3DD-412D-AC03-80DA5F9363DD}.Debug|Any CPU.Build.0 = Debug|Any CPU
		{96CE72C5-C3DD-412D-AC03-80DA5F9363DD}.Debug|Mixed Platforms.ActiveCfg = Debug|Any CPU
		{96CE72C5-C3DD-412D-AC03-80DA5F9363DD}.Debug|Mixed Platforms.Build.0 = Debug|Any CPU
		{96CE72C5-C3DD-412D-AC03-80DA5F9363DD}.Debug|x86.ActiveCfg = Debug|Any CPU
		{96CE72C5-C3DD-412D-AC03-80DA5F9363DD}.Release_VS2010|Any CPU.ActiveCfg = Release|Any CPU
		{96CE72C5-C3DD-412D-AC03-80DA5F9363DD}.Release_VS2010|Any CPU.Build.0 = Release|Any CPU
		{96CE72C5-C3DD-412D-AC03-80DA5F9363DD}.Release_VS2010|Mixed Platforms.ActiveCfg = Release|Any CPU
		{96CE72C5-C3DD-412D-AC03-80DA5F9363DD}.Release_VS2010|Mixed Platforms.Build.0 = Release|Any CPU
		{96CE72C5-C3DD-412D-AC03-80DA5F9363DD}.Release_VS2010|x86.ActiveCfg = Release|Any CPU
		{96CE72C5-C3DD-412D-AC03-80DA5F9363DD}.Release|Any CPU.ActiveCfg = Release|Any CPU
		{96CE72C5-C3DD-412D-AC03-80DA5F9363DD}.Release|Any CPU.Build.0 = Release|Any CPU
		{96CE72C5-C3DD-412D-AC03-80DA5F9363DD}.Release|Mixed Platforms.ActiveCfg = Release|Any CPU
		{96CE72C5-C3DD-412D-AC03-80DA5F9363DD}.Release|Mixed Platforms.Build.0 = Release|Any CPU
		{96CE72C5-C3DD-412D-AC03-80DA5F9363DD}.Release|x86.ActiveCfg = Release|Any CPU
	EndGlobalSection
	GlobalSection(SolutionProperties) = preSolution
		HideSolutionNode = FALSE
	EndGlobalSection
	GlobalSection(ExtensibilityGlobals) = postSolution
		VisualSVNWorkingCopyRoot = .
	EndGlobalSection
EndGlobal
